// !$*UTF8*$!
{
	archiveVersion = 1;
	classes = {
	};
	objectVersion = 77;
	objects = {

/* Begin PBXContainerItemProxy section */
		9A536AF92CF98B0B00AB88A2 /* PBXContainerItemProxy */ = {
			isa = PBXContainerItemProxy;
			containerPortal = 9A536ADF2CF98B0800AB88A2 /* Project object */;
			proxyType = 1;
			remoteGlobalIDString = 9A536AE62CF98B0800AB88A2;
			remoteInfo = Stats;
		};
		9A536B032CF98B0B00AB88A2 /* PBXContainerItemProxy */ = {
			isa = PBXContainerItemProxy;
			containerPortal = 9A536ADF2CF98B0800AB88A2 /* Project object */;
			proxyType = 1;
			remoteGlobalIDString = 9A536AE62CF98B0800AB88A2;
			remoteInfo = Stats;
		};
/* End PBXContainerItemProxy section */

/* Begin PBXFileReference section */
		9A536AE72CF98B0800AB88A2 /* Stats.app */ = {isa = PBXFileReference; explicitFileType = wrapper.application; includeInIndex = 0; path = Stats.app; sourceTree = BUILT_PRODUCTS_DIR; };
		9A536AF82CF98B0B00AB88A2 /* StatsTests.xctest */ = {isa = PBXFileReference; explicitFileType = wrapper.cfbundle; includeInIndex = 0; path = StatsTests.xctest; sourceTree = BUILT_PRODUCTS_DIR; };
		9A536B022CF98B0B00AB88A2 /* StatsUITests.xctest */ = {isa = PBXFileReference; explicitFileType = wrapper.cfbundle; includeInIndex = 0; path = StatsUITests.xctest; sourceTree = BUILT_PRODUCTS_DIR; };
/* End PBXFileReference section */

/* Begin PBXFileSystemSynchronizedRootGroup section */
		9A536AE92CF98B0800AB88A2 /* Stats */ = {
			isa = PBXFileSystemSynchronizedRootGroup;
			path = Stats;
			sourceTree = "<group>";
		};
		9A536AFB2CF98B0B00AB88A2 /* StatsTests */ = {
			isa = PBXFileSystemSynchronizedRootGroup;
			path = StatsTests;
			sourceTree = "<group>";
		};
		9A536B052CF98B0B00AB88A2 /* StatsUITests */ = {
			isa = PBXFileSystemSynchronizedRootGroup;
			path = StatsUITests;
			sourceTree = "<group>";
		};
/* End PBXFileSystemSynchronizedRootGroup section */

/* Begin PBXFrameworksBuildPhase section */
		9A536AE42CF98B0800AB88A2 /* Frameworks */ = {
			isa = PBXFrameworksBuildPhase;
			buildActionMask = 2147483647;
			files = (
			);
			runOnlyForDeploymentPostprocessing = 0;
		};
		9A536AF52CF98B0B00AB88A2 /* Frameworks */ = {
			isa = PBXFrameworksBuildPhase;
			buildActionMask = 2147483647;
			files = (
			);
			runOnlyForDeploymentPostprocessing = 0;
		};
		9A536AFF2CF98B0B00AB88A2 /* Frameworks */ = {
			isa = PBXFrameworksBuildPhase;
			buildActionMask = 2147483647;
			files = (
			);
			runOnlyForDeploymentPostprocessing = 0;
		};
/* End PBXFrameworksBuildPhase section */

/* Begin PBXGroup section */
		9A536ADE2CF98B0800AB88A2 = {
			isa = PBXGroup;
			children = (
				9A536AE92CF98B0800AB88A2 /* Stats */,
				9A536AFB2CF98B0B00AB88A2 /* StatsTests */,
				9A536B052CF98B0B00AB88A2 /* StatsUITests */,
				9A536AE82CF98B0800AB88A2 /* Products */,
			);
			sourceTree = "<group>";
		};
		9A536AE82CF98B0800AB88A2 /* Products */ = {
			isa = PBXGroup;
			children = (
				9A536AE72CF98B0800AB88A2 /* Stats.app */,
				9A536AF82CF98B0B00AB88A2 /* StatsTests.xctest */,
				9A536B022CF98B0B00AB88A2 /* StatsUITests.xctest */,
			);
			name = Products;
			sourceTree = "<group>";
		};
/* End PBXGroup section */

/* Begin PBXNativeTarget section */
		9A536AE62CF98B0800AB88A2 /* Stats */ = {
			isa = PBXNativeTarget;
			buildConfigurationList = 9A536B0C2CF98B0B00AB88A2 /* Build configuration list for PBXNativeTarget "Stats" */;
			buildPhases = (
				9A536AE32CF98B0800AB88A2 /* Sources */,
				9A536AE42CF98B0800AB88A2 /* Frameworks */,
				9A536AE52CF98B0800AB88A2 /* Resources */,
			);
			buildRules = (
			);
			dependencies = (
			);
			fileSystemSynchronizedGroups = (
				9A536AE92CF98B0800AB88A2 /* Stats */,
			);
			name = Stats;
			packageProductDependencies = (
			);
			productName = Stats;
			productReference = 9A536AE72CF98B0800AB88A2 /* Stats.app */;
			productType = "com.apple.product-type.application";
		};
		9A536AF72CF98B0B00AB88A2 /* StatsTests */ = {
			isa = PBXNativeTarget;
			buildConfigurationList = 9A536B0F2CF98B0B00AB88A2 /* Build configuration list for PBXNativeTarget "StatsTests" */;
			buildPhases = (
				9A536AF42CF98B0B00AB88A2 /* Sources */,
				9A536AF52CF98B0B00AB88A2 /* Frameworks */,
				9A536AF62CF98B0B00AB88A2 /* Resources */,
			);
			buildRules = (
			);
			dependencies = (
				9A536AFA2CF98B0B00AB88A2 /* PBXTargetDependency */,
			);
			fileSystemSynchronizedGroups = (
				9A536AFB2CF98B0B00AB88A2 /* StatsTests */,
			);
			name = StatsTests;
			packageProductDependencies = (
			);
			productName = StatsTests;
			productReference = 9A536AF82CF98B0B00AB88A2 /* StatsTests.xctest */;
			productType = "com.apple.product-type.bundle.unit-test";
		};
		9A536B012CF98B0B00AB88A2 /* StatsUITests */ = {
			isa = PBXNativeTarget;
			buildConfigurationList = 9A536B122CF98B0B00AB88A2 /* Build configuration list for PBXNativeTarget "StatsUITests" */;
			buildPhases = (
				9A536AFE2CF98B0B00AB88A2 /* Sources */,
				9A536AFF2CF98B0B00AB88A2 /* Frameworks */,
				9A536B002CF98B0B00AB88A2 /* Resources */,
			);
			buildRules = (
			);
			dependencies = (
				9A536B042CF98B0B00AB88A2 /* PBXTargetDependency */,
			);
			fileSystemSynchronizedGroups = (
				9A536B052CF98B0B00AB88A2 /* StatsUITests */,
			);
			name = StatsUITests;
			packageProductDependencies = (
			);
			productName = StatsUITests;
			productReference = 9A536B022CF98B0B00AB88A2 /* StatsUITests.xctest */;
			productType = "com.apple.product-type.bundle.ui-testing";
		};
/* End PBXNativeTarget section */

/* Begin PBXProject section */
		9A536ADF2CF98B0800AB88A2 /* Project object */ = {
			isa = PBXProject;
			attributes = {
				BuildIndependentTargetsInParallel = 1;
				LastSwiftUpdateCheck = 1610;
				LastUpgradeCheck = 1610;
				TargetAttributes = {
					9A536AE62CF98B0800AB88A2 = {
						CreatedOnToolsVersion = 16.1;
					};
					9A536AF72CF98B0B00AB88A2 = {
						CreatedOnToolsVersion = 16.1;
						TestTargetID = 9A536AE62CF98B0800AB88A2;
					};
					9A536B012CF98B0B00AB88A2 = {
						CreatedOnToolsVersion = 16.1;
						TestTargetID = 9A536AE62CF98B0800AB88A2;
					};
				};
			};
			buildConfigurationList = 9A536AE22CF98B0800AB88A2 /* Build configuration list for PBXProject "Stats" */;
			developmentRegion = en;
			hasScannedForEncodings = 0;
			knownRegions = (
				en,
				Base,
			);
			mainGroup = 9A536ADE2CF98B0800AB88A2;
			minimizedProjectReferenceProxies = 1;
			preferredProjectObjectVersion = 77;
			productRefGroup = 9A536AE82CF98B0800AB88A2 /* Products */;
			projectDirPath = "";
			projectRoot = "";
			targets = (
				9A536AE62CF98B0800AB88A2 /* Stats */,
				9A536AF72CF98B0B00AB88A2 /* StatsTests */,
				9A536B012CF98B0B00AB88A2 /* StatsUITests */,
			);
		};
/* End PBXProject section */

/* Begin PBXResourcesBuildPhase section */
		9A536AE52CF98B0800AB88A2 /* Resources */ = {
			isa = PBXResourcesBuildPhase;
			buildActionMask = 2147483647;
			files = (
			);
			runOnlyForDeploymentPostprocessing = 0;
		};
		9A536AF62CF98B0B00AB88A2 /* Resources */ = {
			isa = PBXResourcesBuildPhase;
			buildActionMask = 2147483647;
			files = (
			);
			runOnlyForDeploymentPostprocessing = 0;
		};
		9A536B002CF98B0B00AB88A2 /* Resources */ = {
			isa = PBXResourcesBuildPhase;
			buildActionMask = 2147483647;
			files = (
			);
			runOnlyForDeploymentPostprocessing = 0;
		};
/* End PBXResourcesBuildPhase section */

/* Begin PBXSourcesBuildPhase section */
		9A536AE32CF98B0800AB88A2 /* Sources */ = {
			isa = PBXSourcesBuildPhase;
			buildActionMask = 2147483647;
			files = (
			);
			runOnlyForDeploymentPostprocessing = 0;
		};
		9A536AF42CF98B0B00AB88A2 /* Sources */ = {
			isa = PBXSourcesBuildPhase;
			buildActionMask = 2147483647;
			files = (
			);
			runOnlyForDeploymentPostprocessing = 0;
		};
		9A536AFE2CF98B0B00AB88A2 /* Sources */ = {
			isa = PBXSourcesBuildPhase;
			buildActionMask = 2147483647;
			files = (
			);
			runOnlyForDeploymentPostprocessing = 0;
		};
/* End PBXSourcesBuildPhase section */

/* Begin PBXTargetDependency section */
		9A536AFA2CF98B0B00AB88A2 /* PBXTargetDependency */ = {
			isa = PBXTargetDependency;
			target = 9A536AE62CF98B0800AB88A2 /* Stats */;
			targetProxy = 9A536AF92CF98B0B00AB88A2 /* PBXContainerItemProxy */;
		};
		9A536B042CF98B0B00AB88A2 /* PBXTargetDependency */ = {
			isa = PBXTargetDependency;
			target = 9A536AE62CF98B0800AB88A2 /* Stats */;
			targetProxy = 9A536B032CF98B0B00AB88A2 /* PBXContainerItemProxy */;
		};
/* End PBXTargetDependency section */

/* Begin XCBuildConfiguration section */
		9A536B0A2CF98B0B00AB88A2 /* Debug */ = {
			isa = XCBuildConfiguration;
			buildSettings = {
				ALWAYS_SEARCH_USER_PATHS = NO;
				ASSETCATALOG_COMPILER_GENERATE_SWIFT_ASSET_SYMBOL_EXTENSIONS = YES;
				CLANG_ANALYZER_NONNULL = YES;
				CLANG_ANALYZER_NUMBER_OBJECT_CONVERSION = YES_AGGRESSIVE;
				CLANG_CXX_LANGUAGE_STANDARD = "gnu++20";
				CLANG_ENABLE_MODULES = YES;
				CLANG_ENABLE_OBJC_ARC = YES;
				CLANG_ENABLE_OBJC_WEAK = YES;
				CLANG_WARN_BLOCK_CAPTURE_AUTORELEASING = YES;
				CLANG_WARN_BOOL_CONVERSION = YES;
				CLANG_WARN_COMMA = YES;
				CLANG_WARN_CONSTANT_CONVERSION = YES;
				CLANG_WARN_DEPRECATED_OBJC_IMPLEMENTATIONS = YES;
				CLANG_WARN_DIRECT_OBJC_ISA_USAGE = YES_ERROR;
				CLANG_WARN_DOCUMENTATION_COMMENTS = YES;
				CLANG_WARN_EMPTY_BODY = YES;
				CLANG_WARN_ENUM_CONVERSION = YES;
				CLANG_WARN_INFINITE_RECURSION = YES;
				CLANG_WARN_INT_CONVERSION = YES;
				CLANG_WARN_NON_LITERAL_NULL_CONVERSION = YES;
				CLANG_WARN_OBJC_IMPLICIT_RETAIN_SELF = YES;
				CLANG_WARN_OBJC_LITERAL_CONVERSION = YES;
				CLANG_WARN_OBJC_ROOT_CLASS = YES_ERROR;
				CLANG_WARN_QUOTED_INCLUDE_IN_FRAMEWORK_HEADER = YES;
				CLANG_WARN_RANGE_LOOP_ANALYSIS = YES;
				CLANG_WARN_STRICT_PROTOTYPES = YES;
				CLANG_WARN_SUSPICIOUS_MOVE = YES;
				CLANG_WARN_UNGUARDED_AVAILABILITY = YES_AGGRESSIVE;
				CLANG_WARN_UNREACHABLE_CODE = YES;
				CLANG_WARN__DUPLICATE_METHOD_MATCH = YES;
				COPY_PHASE_STRIP = NO;
				DEBUG_INFORMATION_FORMAT = dwarf;
				ENABLE_STRICT_OBJC_MSGSEND = YES;
				ENABLE_TESTABILITY = YES;
				ENABLE_USER_SCRIPT_SANDBOXING = YES;
				GCC_C_LANGUAGE_STANDARD = gnu17;
				GCC_DYNAMIC_NO_PIC = NO;
				GCC_NO_COMMON_BLOCKS = YES;
				GCC_OPTIMIZATION_LEVEL = 0;
				GCC_PREPROCESSOR_DEFINITIONS = (
					"DEBUG=1",
					"$(inherited)",
				);
				GCC_WARN_64_TO_32_BIT_CONVERSION = YES;
				GCC_WARN_ABOUT_RETURN_TYPE = YES_ERROR;
				GCC_WARN_UNDECLARED_SELECTOR = YES;
				GCC_WARN_UNINITIALIZED_AUTOS = YES_AGGRESSIVE;
				GCC_WARN_UNUSED_FUNCTION = YES;
				GCC_WARN_UNUSED_VARIABLE = YES;
				LOCALIZATION_PREFERS_STRING_CATALOGS = YES;
				MACOSX_DEPLOYMENT_TARGET = 15.1;
				MTL_ENABLE_DEBUG_INFO = INCLUDE_SOURCE;
				MTL_FAST_MATH = YES;
				ONLY_ACTIVE_ARCH = YES;
				SDKROOT = macosx;
				SWIFT_ACTIVE_COMPILATION_CONDITIONS = "DEBUG $(inherited)";
				SWIFT_OPTIMIZATION_LEVEL = "-Onone";
			};
			name = Debug;
		};
		9A536B0B2CF98B0B00AB88A2 /* Release */ = {
			isa = XCBuildConfiguration;
			buildSettings = {
				ALWAYS_SEARCH_USER_PATHS = NO;
				ASSETCATALOG_COMPILER_GENERATE_SWIFT_ASSET_SYMBOL_EXTENSIONS = YES;
				CLANG_ANALYZER_NONNULL = YES;
				CLANG_ANALYZER_NUMBER_OBJECT_CONVERSION = YES_AGGRESSIVE;
				CLANG_CXX_LANGUAGE_STANDARD = "gnu++20";
				CLANG_ENABLE_MODULES = YES;
				CLANG_ENABLE_OBJC_ARC = YES;
				CLANG_ENABLE_OBJC_WEAK = YES;
				CLANG_WARN_BLOCK_CAPTURE_AUTORELEASING = YES;
				CLANG_WARN_BOOL_CONVERSION = YES;
				CLANG_WARN_COMMA = YES;
				CLANG_WARN_CONSTANT_CONVERSION = YES;
				CLANG_WARN_DEPRECATED_OBJC_IMPLEMENTATIONS = YES;
				CLANG_WARN_DIRECT_OBJC_ISA_USAGE = YES_ERROR;
				CLANG_WARN_DOCUMENTATION_COMMENTS = YES;
				CLANG_WARN_EMPTY_BODY = YES;
				CLANG_WARN_ENUM_CONVERSION = YES;
				CLANG_WARN_INFINITE_RECURSION = YES;
				CLANG_WARN_INT_CONVERSION = YES;
				CLANG_WARN_NON_LITERAL_NULL_CONVERSION = YES;
				CLANG_WARN_OBJC_IMPLICIT_RETAIN_SELF = YES;
				CLANG_WARN_OBJC_LITERAL_CONVERSION = YES;
				CLANG_WARN_OBJC_ROOT_CLASS = YES_ERROR;
				CLANG_WARN_QUOTED_INCLUDE_IN_FRAMEWORK_HEADER = YES;
				CLANG_WARN_RANGE_LOOP_ANALYSIS = YES;
				CLANG_WARN_STRICT_PROTOTYPES = YES;
				CLANG_WARN_SUSPICIOUS_MOVE = YES;
				CLANG_WARN_UNGUARDED_AVAILABILITY = YES_AGGRESSIVE;
				CLANG_WARN_UNREACHABLE_CODE = YES;
				CLANG_WARN__DUPLICATE_METHOD_MATCH = YES;
				COPY_PHASE_STRIP = NO;
				DEBUG_INFORMATION_FORMAT = "dwarf-with-dsym";
				ENABLE_NS_ASSERTIONS = NO;
				ENABLE_STRICT_OBJC_MSGSEND = YES;
				ENABLE_USER_SCRIPT_SANDBOXING = YES;
				GCC_C_LANGUAGE_STANDARD = gnu17;
				GCC_NO_COMMON_BLOCKS = YES;
				GCC_WARN_64_TO_32_BIT_CONVERSION = YES;
				GCC_WARN_ABOUT_RETURN_TYPE = YES_ERROR;
				GCC_WARN_UNDECLARED_SELECTOR = YES;
				GCC_WARN_UNINITIALIZED_AUTOS = YES_AGGRESSIVE;
				GCC_WARN_UNUSED_FUNCTION = YES;
				GCC_WARN_UNUSED_VARIABLE = YES;
				LOCALIZATION_PREFERS_STRING_CATALOGS = YES;
				MACOSX_DEPLOYMENT_TARGET = 15.1;
				MTL_ENABLE_DEBUG_INFO = NO;
				MTL_FAST_MATH = YES;
				SDKROOT = macosx;
				SWIFT_COMPILATION_MODE = wholemodule;
			};
			name = Release;
		};
		9A536B0D2CF98B0B00AB88A2 /* Debug */ = {
			isa = XCBuildConfiguration;
			buildSettings = {
				ASSETCATALOG_COMPILER_APPICON_NAME = AppIcon;
				ASSETCATALOG_COMPILER_GLOBAL_ACCENT_COLOR_NAME = AccentColor;
				CODE_SIGN_ENTITLEMENTS = Stats/Stats.entitlements;
				CODE_SIGN_STYLE = Automatic;
				COMBINE_HIDPI_IMAGES = YES;
				CURRENT_PROJECT_VERSION = 1;
				DEVELOPMENT_ASSET_PATHS = "\"Stats/Preview Content\"";
				DEVELOPMENT_TEAM = 8NF8S3Q2H2;
				ENABLE_PREVIEWS = YES;
				GENERATE_INFOPLIST_FILE = YES;
				INFOPLIST_KEY_NSHumanReadableCopyright = "";
				LD_RUNPATH_SEARCH_PATHS = (
					"$(inherited)",
					"@executable_path/../Frameworks",
				);
				MARKETING_VERSION = 1.0;
				PRODUCT_BUNDLE_IDENTIFIER = Alex.Stats;
				PRODUCT_NAME = "$(TARGET_NAME)";
				SWIFT_EMIT_LOC_STRINGS = YES;
				SWIFT_VERSION = 5.0;
			};
			name = Debug;
		};
		9A536B0E2CF98B0B00AB88A2 /* Release */ = {
			isa = XCBuildConfiguration;
			buildSettings = {
				ASSETCATALOG_COMPILER_APPICON_NAME = AppIcon;
				ASSETCATALOG_COMPILER_GLOBAL_ACCENT_COLOR_NAME = AccentColor;
				CODE_SIGN_ENTITLEMENTS = Stats/Stats.entitlements;
				CODE_SIGN_STYLE = Automatic;
				COMBINE_HIDPI_IMAGES = YES;
				CURRENT_PROJECT_VERSION = 1;
				DEVELOPMENT_ASSET_PATHS = "\"Stats/Preview Content\"";
				DEVELOPMENT_TEAM = 8NF8S3Q2H2;
				ENABLE_PREVIEWS = YES;
				GENERATE_INFOPLIST_FILE = YES;
				INFOPLIST_KEY_NSHumanReadableCopyright = "";
				LD_RUNPATH_SEARCH_PATHS = (
					"$(inherited)",
					"@executable_path/../Frameworks",
				);
				MARKETING_VERSION = 1.0;
				PRODUCT_BUNDLE_IDENTIFIER = Alex.Stats;
				PRODUCT_NAME = "$(TARGET_NAME)";
				SWIFT_EMIT_LOC_STRINGS = YES;
				SWIFT_VERSION = 5.0;
			};
			name = Release;
		};
		9A536B102CF98B0B00AB88A2 /* Debug */ = {
			isa = XCBuildConfiguration;
			buildSettings = {
				BUNDLE_LOADER = "$(TEST_HOST)";
				CODE_SIGN_STYLE = Automatic;
				CURRENT_PROJECT_VERSION = 1;
				GENERATE_INFOPLIST_FILE = YES;
				MACOSX_DEPLOYMENT_TARGET = 15.1;
				MARKETING_VERSION = 1.0;
				PRODUCT_BUNDLE_IDENTIFIER = Alex.StatsTests;
				PRODUCT_NAME = "$(TARGET_NAME)";
				SWIFT_EMIT_LOC_STRINGS = NO;
				SWIFT_VERSION = 5.0;
				TEST_HOST = "$(BUILT_PRODUCTS_DIR)/Stats.app/$(BUNDLE_EXECUTABLE_FOLDER_PATH)/Stats";
			};
			name = Debug;
		};
		9A536B112CF98B0B00AB88A2 /* Release */ = {
			isa = XCBuildConfiguration;
			buildSettings = {
				BUNDLE_LOADER = "$(TEST_HOST)";
				CODE_SIGN_STYLE = Automatic;
				CURRENT_PROJECT_VERSION = 1;
				GENERATE_INFOPLIST_FILE = YES;
				MACOSX_DEPLOYMENT_TARGET = 15.1;
				MARKETING_VERSION = 1.0;
				PRODUCT_BUNDLE_IDENTIFIER = Alex.StatsTests;
				PRODUCT_NAME = "$(TARGET_NAME)";
				SWIFT_EMIT_LOC_STRINGS = NO;
				SWIFT_VERSION = 5.0;
				TEST_HOST = "$(BUILT_PRODUCTS_DIR)/Stats.app/$(BUNDLE_EXECUTABLE_FOLDER_PATH)/Stats";
			};
			name = Release;
		};
		9A536B132CF98B0B00AB88A2 /* Debug */ = {
			isa = XCBuildConfiguration;
			buildSettings = {
				CODE_SIGN_STYLE = Automatic;
				CURRENT_PROJECT_VERSION = 1;
				GENERATE_INFOPLIST_FILE = YES;
				MARKETING_VERSION = 1.0;
				PRODUCT_BUNDLE_IDENTIFIER = Alex.StatsUITests;
				PRODUCT_NAME = "$(TARGET_NAME)";
				SWIFT_EMIT_LOC_STRINGS = NO;
				SWIFT_VERSION = 5.0;
				TEST_TARGET_NAME = Stats;
			};
			name = Debug;
		};
		9A536B142CF98B0B00AB88A2 /* Release */ = {
			isa = XCBuildConfiguration;
			buildSettings = {
				CODE_SIGN_STYLE = Automatic;
				CURRENT_PROJECT_VERSION = 1;
				GENERATE_INFOPLIST_FILE = YES;
				MARKETING_VERSION = 1.0;
				PRODUCT_BUNDLE_IDENTIFIER = Alex.StatsUITests;
				PRODUCT_NAME = "$(TARGET_NAME)";
				SWIFT_EMIT_LOC_STRINGS = NO;
				SWIFT_VERSION = 5.0;
				TEST_TARGET_NAME = Stats;
			};
			name = Release;
		};
/* End XCBuildConfiguration section */

/* Begin XCConfigurationList section */
		9A536AE22CF98B0800AB88A2 /* Build configuration list for PBXProject "Stats" */ = {
			isa = XCConfigurationList;
			buildConfigurations = (
				9A536B0A2CF98B0B00AB88A2 /* Debug */,
				9A536B0B2CF98B0B00AB88A2 /* Release */,
			);
			defaultConfigurationIsVisible = 0;
			defaultConfigurationName = Release;
		};
		9A536B0C2CF98B0B00AB88A2 /* Build configuration list for PBXNativeTarget "Stats" */ = {
			isa = XCConfigurationList;
			buildConfigurations = (
				9A536B0D2CF98B0B00AB88A2 /* Debug */,
				9A536B0E2CF98B0B00AB88A2 /* Release */,
			);
			defaultConfigurationIsVisible = 0;
			defaultConfigurationName = Release;
		};
		9A536B0F2CF98B0B00AB88A2 /* Build configuration list for PBXNativeTarget "StatsTests" */ = {
			isa = XCConfigurationList;
			buildConfigurations = (
				9A536B102CF98B0B00AB88A2 /* Debug */,
				9A536B112CF98B0B00AB88A2 /* Release */,
			);
			defaultConfigurationIsVisible = 0;
			defaultConfigurationName = Release;
		};
		9A536B122CF98B0B00AB88A2 /* Build configuration list for PBXNativeTarget "StatsUITests" */ = {
			isa = XCConfigurationList;
			buildConfigurations = (
				9A536B132CF98B0B00AB88A2 /* Debug */,
				9A536B142CF98B0B00AB88A2 /* Release */,
			);
			defaultConfigurationIsVisible = 0;
			defaultConfigurationName = Release;
		};
/* End XCConfigurationList section */
	};
	rootObject = 9A536ADF2CF98B0800AB88A2 /* Project object */;
}
